
Microsoft Visual Studio Solution File, Format Version 12.00
# Visual Studio 15
VisualStudioVersion = 15.0.26430.16
MinimumVisualStudioVersion = 10.0.40219.1
Project("{FAE04EC0-301F-11D3-BF4B-00C04F79EFBC}") = "Base58Check.Test", "Base58Check.Test\Base58Check.Test.csproj", "{38174BA6-5BCB-46CA-984C-1B3CDCFF5B77}"
EndProject
Project("{FAE04EC0-301F-11D3-BF4B-00C04F79EFBC}") = "Base58Check", "Base58Check\Base58Check.csproj", "{9102A662-8A42-41CA-B992-AA9ED03377C5}"
EndProject
Global
	GlobalSection(SolutionConfigurationPlatforms) = preSolution
		Debug|Any CPU = Debug|Any CPU
		Release|Any CPU = Release|Any CPU
	EndGlobalSection
	GlobalSection(ProjectConfigurationPlatforms) = postSolution
		{38174BA6-5BCB-46CA-984C-1B3CDCFF5B77}.Debug|Any CPU.ActiveCfg = Debug|Any CPU
		{38174BA6-5BCB-46CA-984C-1B3CDCFF5B77}.Debug|Any CPU.Build.0 = Debug|Any CPU
		{38174BA6-5BCB-46CA-984C-1B3CDCFF5B77}.Release|Any CPU.ActiveCfg = Release|Any CPU
		{38174BA6-5BCB-46CA-984C-1B3CDCFF5B77}.Release|Any CPU.Build.0 = Release|Any CPU
		{9102A662-8A42-41CA-B992-AA9ED03377C5}.Debug|Any CPU.ActiveCfg = Debug|Any CPU
		{9102A662-8A42-41CA-B992-AA9ED03377C5}.Debug|Any CPU.Build.0 = Debug|Any CPU
		{9102A662-8A42-41CA-B992-AA9ED03377C5}.Release|Any CPU.ActiveCfg = Release|Any CPU
		{9102A662-8A42-41CA-B992-AA9ED03377C5}.Release|Any CPU.Build.0 = Release|Any CPU
	EndGlobalSection
	GlobalSection(SolutionProperties) = preSolution
		HideSolutionNode = FALSE
	EndGlobalSection
EndGlobal
